<?xml version="1.0" encoding="utf-8"?>
<Project ToolsVersion="4.0" xmlns="http://schemas.microsoft.com/developer/msbuild/2003">
  <ItemGroup>
    <Filter Include="Source Files">
      <UniqueIdentifier>{4FC737F1-C7A5-4376-A066-2A32D752A2FF}</UniqueIdentifier>
      <Extensions>cpp;c;cc;cxx;def;odl;idl;hpj;bat;asm;asmx</Extensions>
    </Filter>
    <Filter Include="Header Files">
      <UniqueIdentifier>{93995380-89BD-4b04-88EB-625FBE52EBFB}</UniqueIdentifier>
      <Extensions>h;hh;hpp;hxx;hm;inl;inc;ipp;xsd</Extensions>
    </Filter>
    <Filter Include="SnakeGame">
      <UniqueIdentifier>{9d8ec573-3207-4bec-9864-30aa178d2434}</UniqueIdentifier>
    </Filter>
    <Filter Include="BrickBreaker">
      <UniqueIdentifier>{2c26152f-1431-4cde-bb53-d5d40d063b6f}</UniqueIdentifier>
    </Filter>
    <Filter Include="Pong">
      <UniqueIdentifier>{d3aefb76-e858-4145-813f-9b1ee2175100}</UniqueIdentifier>
    </Filter>
    <Filter Include="Resource Files">
      <UniqueIdentifier>{67DA6AB6-F800-4c08-8B7A-83BB121AAD01}</UniqueIdentifier>
      <Extensions>rc;ico;cur;bmp;dlg;rc2;rct;bin;rgs;gif;jpg;jpeg;jpe;resx;tiff;tif;png;wav;mfcribbon-ms</Extensions>
    </Filter>
    <Filter Include="Practise">
      <UniqueIdentifier>{d6de3636-57fc-41e5-ac85-7f72f5c246d0}</UniqueIdentifier>
    </Filter>
  </ItemGroup>
  <ItemGroup>
    <ClInclude Include="Button.hpp">
      <Filter>Header Files</Filter>
    </ClInclude>
    <ClInclude Include="ButtonHandler.hpp">
      <Filter>Header Files</Filter>
    </ClInclude>
    <ClInclude Include="Game.h">
      <Filter>Header Files</Filter>
    </ClInclude>
    <ClInclude Include="FrameTimer.h">
      <Filter>Header Files</Filter>
    </ClInclude>
    <ClInclude Include="KeyHandler.hpp">
      <Filter>Header Files</Filter>
    </ClInclude>
    <ClInclude Include="App.hpp">
      <Filter>Header Files</Filter>
    </ClInclude>
    <ClInclude Include="State.hpp">
      <Filter>Header Files</Filter>
    </ClInclude>
    <ClInclude Include="MainMenu.hpp">
      <Filter>Header Files</Filter>
    </ClInclude>
    <ClInclude Include="StateHandler.hpp">
      <Filter>Header Files</Filter>
    </ClInclude>
    <ClInclude Include="Shape.hpp">
      <Filter>Header Files</Filter>
    </ClInclude>
    <ClInclude Include="SnakeGame.hpp">
      <Filter>SnakeGame</Filter>
    </ClInclude>
    <ClInclude Include="Snake.h">
      <Filter>SnakeGame</Filter>
    </ClInclude>
    <ClInclude Include="Apple.h">
      <Filter>SnakeGame</Filter>
    </ClInclude>
    <ClInclude Include="Board.h">
      <Filter>SnakeGame</Filter>
    </ClInclude>
    <ClInclude Include="BrickBreaker.h">
      <Filter>BrickBreaker</Filter>
    </ClInclude>
    <ClInclude Include="Brick.h">
      <Filter>BrickBreaker</Filter>
    </ClInclude>
    <ClInclude Include="Ball.h">
      <Filter>BrickBreaker</Filter>
    </ClInclude>
    <ClInclude Include="stdafx.h">
      <Filter>Header Files</Filter>
    </ClInclude>
    <ClInclude Include="Paddle.h">
      <Filter>Pong</Filter>
    </ClInclude>
    <ClInclude Include="PongBall.h">
      <Filter>Pong</Filter>
    </ClInclude>
    <ClInclude Include="PongGame.hpp">
      <Filter>Pong</Filter>
    </ClInclude>
    <ClInclude Include="Walls.hpp">
      <Filter>Pong</Filter>
    </ClInclude>
    <ClInclude Include="Practise.hpp">
      <Filter>Practise</Filter>
    </ClInclude>
    <ClInclude Include="Worm.hpp">
      <Filter>Practise</Filter>
    </ClInclude>
    <ClInclude Include="Location.hpp">
      <Filter>Header Files</Filter>
    </ClInclude>
    <ClInclude Include="Food.h">
      <Filter>Practise</Filter>
    </ClInclude>
  </ItemGroup>
  <ItemGroup>
    <ClCompile Include="Button.cpp">
      <Filter>Source Files</Filter>
    </ClCompile>
    <ClCompile Include="ButtonHandler.cpp">
      <Filter>Source Files</Filter>
    </ClCompile>
    <ClCompile Include="Game.cpp">
      <Filter>Source Files</Filter>
    </ClCompile>
    <ClCompile Include="SFML-proj.cpp">
      <Filter>Source Files</Filter>
    </ClCompile>
    <ClCompile Include="FrameTimer.cpp">
      <Filter>Source Files</Filter>
    </ClCompile>
    <ClCompile Include="App.cpp">
      <Filter>Source Files</Filter>
    </ClCompile>
    <ClCompile Include="MainMenu.cpp">
      <Filter>Source Files</Filter>
    </ClCompile>
    <ClCompile Include="State.cpp">
      <Filter>Source Files</Filter>
    </ClCompile>
    <ClCompile Include="SnakeGame.cpp">
      <Filter>SnakeGame</Filter>
    </ClCompile>
    <ClCompile Include="Snake.cpp">
      <Filter>SnakeGame</Filter>
    </ClCompile>
    <ClCompile Include="Board.cpp">
      <Filter>SnakeGame</Filter>
    </ClCompile>
    <ClCompile Include="BrickBreaker.cpp">
      <Filter>BrickBreaker</Filter>
    </ClCompile>
    <ClCompile Include="Brick.cpp">
      <Filter>BrickBreaker</Filter>
    </ClCompile>
    <ClCompile Include="Apple.cpp">
      <Filter>SnakeGame</Filter>
    </ClCompile>
    <ClCompile Include="Ball.cpp">
      <Filter>BrickBreaker</Filter>
    </ClCompile>
    <ClCompile Include="stdafx.cpp">
      <Filter>Source Files</Filter>
    </ClCompile>
    <ClCompile Include="Paddle.cpp">
      <Filter>Pong</Filter>
    </ClCompile>
    <ClCompile Include="PongBall.cpp">
      <Filter>Pong</Filter>
    </ClCompile>
    <ClCompile Include="PongGame.cpp">
      <Filter>Pong</Filter>
    </ClCompile>
    <ClCompile Include="Walls.cpp">
      <Filter>Pong</Filter>
    </ClCompile>
    <ClCompile Include="Practise.cpp">
      <Filter>Practise</Filter>
    </ClCompile>
    <ClCompile Include="Worm.cpp">
      <Filter>Practise</Filter>
    </ClCompile>
    <ClCompile Include="Food.cpp">
      <Filter>Practise</Filter>
    </ClCompile>
  </ItemGroup>
</Project>